
Microsoft Visual Studio Solution File, Format Version 12.00
# Visual Studio Version 16
VisualStudioVersion = 16.0.31729.503
MinimumVisualStudioVersion = 10.0.40219.1
Project("{FAE04EC0-301F-11D3-BF4B-00C04F79EFBC}") = "Backend REST + JavaScript from user stories", "Backend REST + JavaScript from user stories\Backend REST + JavaScript from user stories.csproj", "{DC1A2F8A-7850-49D5-B751-6D16833CFC82}"
EndProject
Global
	GlobalSection(SolutionConfigurationPlatforms) = preSolution
		Debug|Any CPU = Debug|Any CPU
		Release|Any CPU = Release|Any CPU
	EndGlobalSection
	GlobalSection(ProjectConfigurationPlatforms) = postSolution
		{DC1A2F8A-7850-49D5-B751-6D16833CFC82}.Debug|Any CPU.ActiveCfg = Debug|Any CPU
		{DC1A2F8A-7850-49D5-B751-6D16833CFC82}.Debug|Any CPU.Build.0 = Debug|Any CPU
		{DC1A2F8A-7850-49D5-B751-6D16833CFC82}.Release|Any CPU.ActiveCfg = Release|Any CPU
		{DC1A2F8A-7850-49D5-B751-6D16833CFC82}.Release|Any CPU.Build.0 = Release|Any CPU
	EndGlobalSection
	GlobalSection(SolutionProperties) = preSolution
		HideSolutionNode = FALSE
	EndGlobalSection
	GlobalSection(ExtensibilityGlobals) = postSolution
		SolutionGuid = {F48D7774-AD9D-4391-8907-695AFE460051}
	EndGlobalSection
EndGlobal
